Microsoft Visual Studio Solution File, Format Version 12.00
# Visual Studio Version 17
VisualStudioVersion = 17.8.34309.116
MinimumVisualStudioVersion = 10.0.40219.1
Project("{9A19103F-16F7-4668-BE54-9A1E7A4F7556}") = "NativeLibrary.NetStandard", "NativeLibraryLoader\NativeLibrary.NetStandard.csproj", "{9416B38B-B00A-453B-9217-FF6CF821928D}"
EndProject
Project("{FAE04EC0-301F-11D3-BF4B-00C04F79EFBC}") = "NativeLibrary.Examples", "NativeLibrary.Examples\NativeLibrary.Examples.csproj", "{ED9A6B7F-7641-4B41-9E6E-931E612B4562}"
EndProject
Global
	GlobalSection(SolutionConfigurationPlatforms) = preSolution
		Debug|Any CPU = Debug|Any CPU
		Debug|x64 = Debug|x64
		Debug|x86 = Debug|x86
		Release|Any CPU = Release|Any CPU
		Release|x64 = Release|x64
		Release|x86 = Release|x86
	EndGlobalSection
	GlobalSection(ProjectConfigurationPlatforms) = postSolution
		{9416B38B-B00A-453B-9217-FF6CF821928D}.Debug|Any CPU.ActiveCfg = Debug|Any CPU
		{9416B38B-B00A-453B-9217-FF6CF821928D}.Debug|Any CPU.Build.0 = Debug|Any CPU
		{9416B38B-B00A-453B-9217-FF6CF821928D}.Debug|x64.ActiveCfg = Debug|Any CPU
		{9416B38B-B00A-453B-9217-FF6CF821928D}.Debug|x64.Build.0 = Debug|Any CPU
		{9416B38B-B00A-453B-9217-FF6CF821928D}.Debug|x86.ActiveCfg = Debug|Any CPU
		{9416B38B-B00A-453B-9217-FF6CF821928D}.Debug|x86.Build.0 = Debug|Any CPU
		{9416B38B-B00A-453B-9217-FF6CF821928D}.Release|Any CPU.ActiveCfg = Release|Any CPU
		{9416B38B-B00A-453B-9217-FF6CF821928D}.Release|Any CPU.Build.0 = Release|Any CPU
		{9416B38B-B00A-453B-9217-FF6CF821928D}.Release|x64.ActiveCfg = Release|Any CPU
		{9416B38B-B00A-453B-9217-FF6CF821928D}.Release|x64.Build.0 = Release|Any CPU
		{9416B38B-B00A-453B-9217-FF6CF821928D}.Release|x86.ActiveCfg = Release|Any CPU
		{9416B38B-B00A-453B-9217-FF6CF821928D}.Release|x86.Build.0 = Release|Any CPU
		{ED9A6B7F-7641-4B41-9E6E-931E612B4562}.Debug|Any CPU.ActiveCfg = Debug|Any CPU
		{ED9A6B7F-7641-4B41-9E6E-931E612B4562}.Debug|Any CPU.Build.0 = Debug|Any CPU
		{ED9A6B7F-7641-4B41-9E6E-931E612B4562}.Debug|x64.ActiveCfg = Debug|Any CPU
		{ED9A6B7F-7641-4B41-9E6E-931E612B4562}.Debug|x64.Build.0 = Debug|Any CPU
		{ED9A6B7F-7641-4B41-9E6E-931E612B4562}.Debug|x86.ActiveCfg = Debug|Any CPU
		{ED9A6B7F-7641-4B41-9E6E-931E612B4562}.Debug|x86.Build.0 = Debug|Any CPU
		{ED9A6B7F-7641-4B41-9E6E-931E612B4562}.Release|Any CPU.ActiveCfg = Release|Any CPU
		{ED9A6B7F-7641-4B41-9E6E-931E612B4562}.Release|Any CPU.Build.0 = Release|Any CPU
		{ED9A6B7F-7641-4B41-9E6E-931E612B4562}.Release|x64.ActiveCfg = Release|Any CPU
		{ED9A6B7F-7641-4B41-9E6E-931E612B4562}.Release|x64.Build.0 = Release|Any CPU
		{ED9A6B7F-7641-4B41-9E6E-931E612B4562}.Release|x86.ActiveCfg = Release|Any CPU
		{ED9A6B7F-7641-4B41-9E6E-931E612B4562}.Release|x86.Build.0 = Release|Any CPU
	EndGlobalSection
	GlobalSection(SolutionProperties) = preSolution
		HideSolutionNode = FALSE
	EndGlobalSection
	GlobalSection(ExtensibilityGlobals) = postSolution
		SolutionGuid = {DF38D924-2FA4-4961-85CD-C026C72BC999}
	EndGlobalSection
EndGlobal
